{
  "name": "archium-py-template",
  "version": "1.0.0",
  "lockfileVersion": 3,
  "requires": true,
  "packages": {
    "": {
      "name": "archium-py-template",
      "version": "1.0.0",
      "license": "ISC",
      "dependencies": {
        "archium-py": "^1.0.51"
      },
      "devDependencies": {
        "@types/node": "^18.11.13"
      }
    },
    "node_modules/@types/node": {
      "version": "18.11.13",
      "resolved": "https://registry.npmjs.org/@types/node/-/node-18.11.13.tgz",
      "integrity": "sha512-IASpMGVcWpUsx5xBOrxMj7Bl8lqfuTY7FKAnPmu5cHkfQVWF8GulWS1jbRqA934qZL35xh5xN/+Xe/i26Bod4w==",
      "dev": true
    },
    "node_modules/acorn": {
      "version": "8.8.1",
      "resolved": "https://registry.npmjs.org/acorn/-/acorn-8.8.1.tgz",
      "integrity": "sha512-7zFpHzhnqYKrkYdUjF1HI1bzd0VygEGX8lFk4k5zVMqHEoES+P+7TKI+EvLO9WVMJ8eekdO0aDEK044xTXwPPA==",
      "bin": {
        "acorn": "bin/acorn"
      },
      "engines": {
        "node": ">=0.4.0"
      }
    },
    "node_modules/archium-py": {
      "version": "1.0.51",
      "resolved": "https://registry.npmjs.org/archium-py/-/archium-py-1.0.51.tgz",
      "integrity": "sha512-kqqw5Ra75q375xyprjBHPfjjZfL+sNubffnOSIdNT9O5/I0u1Bqr/Z8NB+dhxo/Ys/GEuTSUgV6eTgECd3VtPw==",
      "dependencies": {
        "acorn": "^8.8.1",
        "typescript": "^4.8.4"
      },
      "bin": {
        "archium": "lib/archium-py.js"
      }
    },
    "node_modules/typescript": {
      "version": "4.9.4",
      "resolved": "https://registry.npmjs.org/typescript/-/typescript-4.9.4.tgz",
      "integrity": "sha512-Uz+dTXYzxXXbsFpM86Wh3dKCxrQqUcVMxwU54orwlJjOpO3ao8L7j5lH+dWfTwgCwIuM9GQ2kvVotzYJMXTBZg==",
      "bin": {
        "tsc": "bin/tsc",
        "tsserver": "bin/tsserver"
      },
      "engines": {
        "node": ">=4.2.0"
      }
    }
  }
}
